
Microsoft Visual Studio Solution File, Format Version 12.00
# Visual Studio Version 17
VisualStudioVersion = 17.14.36623.8
MinimumVisualStudioVersion = 10.0.40219.1
Project("{FAE04EC0-301F-11D3-BF4B-00C04F79EFBC}") = "TheMazeRunner", "TheMazeRunner\TheMazeRunner.csproj", "{79743456-0797-4588-A965-7893B778298F}"
EndProject
Global
	GlobalSection(SolutionConfigurationPlatforms) = preSolution
		Debug|Any CPU = Debug|Any CPU
		Release|Any CPU = Release|Any CPU
	EndGlobalSection
	GlobalSection(ProjectConfigurationPlatforms) = postSolution
		{79743456-0797-4588-A965-7893B778298F}.Debug|Any CPU.ActiveCfg = Debug|Any CPU
		{79743456-0797-4588-A965-7893B778298F}.Debug|Any CPU.Build.0 = Debug|Any CPU
		{79743456-0797-4588-A965-7893B778298F}.Release|Any CPU.ActiveCfg = Release|Any CPU
		{79743456-0797-4588-A965-7893B778298F}.Release|Any CPU.Build.0 = Release|Any CPU
	EndGlobalSection
	GlobalSection(SolutionProperties) = preSolution
		HideSolutionNode = FALSE
	EndGlobalSection
	GlobalSection(ExtensibilityGlobals) = postSolution
		SolutionGuid = {313E1B33-A2B3-4CB9-92CD-3F89F2F165EF}
	EndGlobalSection
EndGlobal
